
Microsoft Visual Studio Solution File, Format Version 12.00
# Visual Studio Version 16
VisualStudioVersion = 16.0.30011.22
MinimumVisualStudioVersion = 10.0.40219.1
Project("{9A19103F-16F7-4668-BE54-9A1E7A4F7556}") = "CSICrosswalk.Client.Samples", "CSICrosswalk.Client.Samples\CSICrosswalk.Client.Samples.csproj", "{AEFE3EEE-265D-4F69-A74F-BB0214618873}"
EndProject
Global
	GlobalSection(SolutionConfigurationPlatforms) = preSolution
		Debug|Any CPU = Debug|Any CPU
		Release|Any CPU = Release|Any CPU
	EndGlobalSection
	GlobalSection(ProjectConfigurationPlatforms) = postSolution
		{AEFE3EEE-265D-4F69-A74F-BB0214618873}.Debug|Any CPU.ActiveCfg = Debug|Any CPU
		{AEFE3EEE-265D-4F69-A74F-BB0214618873}.Debug|Any CPU.Build.0 = Debug|Any CPU
		{AEFE3EEE-265D-4F69-A74F-BB0214618873}.Release|Any CPU.ActiveCfg = Release|Any CPU
		{AEFE3EEE-265D-4F69-A74F-BB0214618873}.Release|Any CPU.Build.0 = Release|Any CPU
	EndGlobalSection
	GlobalSection(SolutionProperties) = preSolution
		HideSolutionNode = FALSE
	EndGlobalSection
	GlobalSection(ExtensibilityGlobals) = postSolution
		SolutionGuid = {58769A32-28B9-4F75-9B19-CF7C3D3F44F9}
	EndGlobalSection
EndGlobal
