
Microsoft Visual Studio Solution File, Format Version 12.00
# Visual Studio Version 16
VisualStudioVersion = 16.0.30011.22
MinimumVisualStudioVersion = 10.0.40219.1
Project("{9092AA53-FB77-4645-B42D-1CCCA6BD08BD}") = "CSICrosswalk.Client", "CSICrosswalk.Client.Samples\CSICrosswalk.Client.Samples.njsproj", "{E754E302-C1A0-4598-920D-6EC48F1DF45E}"
EndProject
Global
	GlobalSection(SolutionConfigurationPlatforms) = preSolution
		Debug|Any CPU = Debug|Any CPU
		Release|Any CPU = Release|Any CPU
	EndGlobalSection
	GlobalSection(ProjectConfigurationPlatforms) = postSolution
		{E754E302-C1A0-4598-920D-6EC48F1DF45E}.Debug|Any CPU.ActiveCfg = Debug|Any CPU
		{E754E302-C1A0-4598-920D-6EC48F1DF45E}.Debug|Any CPU.Build.0 = Debug|Any CPU
		{E754E302-C1A0-4598-920D-6EC48F1DF45E}.Release|Any CPU.ActiveCfg = Release|Any CPU
		{E754E302-C1A0-4598-920D-6EC48F1DF45E}.Release|Any CPU.Build.0 = Release|Any CPU
	EndGlobalSection
	GlobalSection(SolutionProperties) = preSolution
		HideSolutionNode = FALSE
	EndGlobalSection
	GlobalSection(ExtensibilityGlobals) = postSolution
		SolutionGuid = {26A4E3B5-F198-4817-9480-1B4614B970A9}
	EndGlobalSection
EndGlobal
